
Microsoft Visual Studio Solution File, Format Version 12.00
# Visual Studio Version 16
VisualStudioVersion = 16.0.29215.179
MinimumVisualStudioVersion = 10.0.40219.1
Project("{FAE04EC0-301F-11D3-BF4B-00C04F79EFBC}") = "MemUsage", "MemUsage\MemUsage.csproj", "{588831F7-40F3-4887-82FF-0CA143E9B419}"
EndProject
Global
	GlobalSection(SolutionConfigurationPlatforms) = preSolution
		Debug|Any CPU = Debug|Any CPU
		Release|Any CPU = Release|Any CPU
	EndGlobalSection
	GlobalSection(ProjectConfigurationPlatforms) = postSolution
		{588831F7-40F3-4887-82FF-0CA143E9B419}.Debug|Any CPU.ActiveCfg = Debug|Any CPU
		{588831F7-40F3-4887-82FF-0CA143E9B419}.Debug|Any CPU.Build.0 = Debug|Any CPU
		{588831F7-40F3-4887-82FF-0CA143E9B419}.Release|Any CPU.ActiveCfg = Release|Any CPU
		{588831F7-40F3-4887-82FF-0CA143E9B419}.Release|Any CPU.Build.0 = Release|Any CPU
	EndGlobalSection
	GlobalSection(SolutionProperties) = preSolution
		HideSolutionNode = FALSE
	EndGlobalSection
	GlobalSection(ExtensibilityGlobals) = postSolution
		SolutionGuid = {7BF82D02-5490-4AA4-8E9E-90414DC8A200}
	EndGlobalSection
EndGlobal
